{
  "name": "deepphilosophy-auth",
  "version": "1.0.0",
  "lockfileVersion": 3,
  "requires": true,
  "packages": {
    "": {
      "name": "deepphilosophy-auth",
      "version": "1.0.0",
      "dependencies": {
        "hono": "^4.0.0"
      }
    },
    "node_modules/hono": {
      "version": "4.12.32",
      "resolved": "https://registry.npmjs.org/hono/-/hono-4.12.32.tgz",
      "integrity": "sha512-XcuyW9qE2kJn07PkecMOBd5Vq/hMy7mmGw+idz1yblbg9N17ijJODrvPkn7/dwL3Kulj8LcRJ69DLOWf91dRUg==",
      "license": "MIT",
      "engines": {
        "node": ">=16.9.0"
      }
    }
  }
}
